
Microsoft Visual Studio Solution File, Format Version 12.00
# Visual Studio Version 18
VisualStudioVersion = 18.2.11415.280
MinimumVisualStudioVersion = 10.0.40219.1
Project("{2150E333-8FDC-42A3-9474-1A3956D46DE8}") = "src", "src", "{827E0CD3-B72D-47B6-A68D-7590B98EB39B}"
EndProject
Project("{FAE04EC0-301F-11D3-BF4B-00C04F79EFBC}") = "IdentityService.Api", "src\IdentityService.Api\IdentityService.Api.csproj", "{7CE893A9-10C1-49F4-B9BD-24A0BEE682EF}"
EndProject
Project("{FAE04EC0-301F-11D3-BF4B-00C04F79EFBC}") = "IdentityService.Application", "src\IdentityService.Application\IdentityService.Application.csproj", "{769975DC-1115-4AE4-A723-2A060BBEB1F7}"
EndProject
Project("{FAE04EC0-301F-11D3-BF4B-00C04F79EFBC}") = "IdentityService.Domain", "src\IdentityService.Domain\IdentityService.Domain.csproj", "{C1D8E0F2-BD9C-4BBE-8AFE-76669D7CE813}"
EndProject
Project("{FAE04EC0-301F-11D3-BF4B-00C04F79EFBC}") = "IdentityService.Infrastructure", "src\IdentityService.Infrastructure\IdentityService.Infrastructure.csproj", "{22AC09B6-2158-4586-BAC5-DCB01C7A0AB2}"
EndProject
Project("{FAE04EC0-301F-11D3-BF4B-00C04F79EFBC}") = "IdentitySolution.Shared", "src\IdentitySolution.Shared\IdentitySolution.Shared.csproj", "{9E0D1168-B24B-4ADC-B210-7F62CE0FBE0A}"
EndProject
Project("{FAE04EC0-301F-11D3-BF4B-00C04F79EFBC}") = "UiService.Web", "src\UiService.Web\UiService.Web.csproj", "{2055A07F-D437-4412-B046-B47F8035CCE7}"
EndProject
Project("{FAE04EC0-301F-11D3-BF4B-00C04F79EFBC}") = "IdentitySolution.ServiceDiscovery", "src\IdentitySolution.ServiceDiscovery\IdentitySolution.ServiceDiscovery.csproj", "{8CE8A8C5-9358-47C9-A0B8-467F9F2E5592}"
EndProject
Project("{FAE04EC0-301F-11D3-BF4B-00C04F79EFBC}") = "UiServiceTwo.Web", "src\UiServiceTwo.Web\UiServiceTwo.Web.csproj", "{DF8F8942-2A6D-4DFC-AEF7-09E8B286E363}"
EndProject
Global
	GlobalSection(SolutionConfigurationPlatforms) = preSolution
		Debug|Any CPU = Debug|Any CPU
		Debug|x64 = Debug|x64
		Debug|x86 = Debug|x86
		Release|Any CPU = Release|Any CPU
		Release|x64 = Release|x64
		Release|x86 = Release|x86
	EndGlobalSection
	GlobalSection(ProjectConfigurationPlatforms) = postSolution
		{7CE893A9-10C1-49F4-B9BD-24A0BEE682EF}.Debug|Any CPU.ActiveCfg = Debug|Any CPU
		{7CE893A9-10C1-49F4-B9BD-24A0BEE682EF}.Debug|Any CPU.Build.0 = Debug|Any CPU
		{7CE893A9-10C1-49F4-B9BD-24A0BEE682EF}.Debug|x64.ActiveCfg = Debug|Any CPU
		{7CE893A9-10C1-49F4-B9BD-24A0BEE682EF}.Debug|x64.Build.0 = Debug|Any CPU
		{7CE893A9-10C1-49F4-B9BD-24A0BEE682EF}.Debug|x86.ActiveCfg = Debug|Any CPU
		{7CE893A9-10C1-49F4-B9BD-24A0BEE682EF}.Debug|x86.Build.0 = Debug|Any CPU
		{7CE893A9-10C1-49F4-B9BD-24A0BEE682EF}.Release|Any CPU.ActiveCfg = Release|Any CPU
		{7CE893A9-10C1-49F4-B9BD-24A0BEE682EF}.Release|Any CPU.Build.0 = Release|Any CPU
		{7CE893A9-10C1-49F4-B9BD-24A0BEE682EF}.Release|x64.ActiveCfg = Release|Any CPU
		{7CE893A9-10C1-49F4-B9BD-24A0BEE682EF}.Release|x64.Build.0 = Release|Any CPU
		{7CE893A9-10C1-49F4-B9BD-24A0BEE682EF}.Release|x86.ActiveCfg = Release|Any CPU
		{7CE893A9-10C1-49F4-B9BD-24A0BEE682EF}.Release|x86.Build.0 = Release|Any CPU
		{769975DC-1115-4AE4-A723-2A060BBEB1F7}.Debug|Any CPU.ActiveCfg = Debug|Any CPU
		{769975DC-1115-4AE4-A723-2A060BBEB1F7}.Debug|Any CPU.Build.0 = Debug|Any CPU
		{769975DC-1115-4AE4-A723-2A060BBEB1F7}.Debug|x64.ActiveCfg = Debug|Any CPU
		{769975DC-1115-4AE4-A723-2A060BBEB1F7}.Debug|x64.Build.0 = Debug|Any CPU
		{769975DC-1115-4AE4-A723-2A060BBEB1F7}.Debug|x86.ActiveCfg = Debug|Any CPU
		{769975DC-1115-4AE4-A723-2A060BBEB1F7}.Debug|x86.Build.0 = Debug|Any CPU
		{769975DC-1115-4AE4-A723-2A060BBEB1F7}.Release|Any CPU.ActiveCfg = Release|Any CPU
		{769975DC-1115-4AE4-A723-2A060BBEB1F7}.Release|Any CPU.Build.0 = Release|Any CPU
		{769975DC-1115-4AE4-A723-2A060BBEB1F7}.Release|x64.ActiveCfg = Release|Any CPU
		{769975DC-1115-4AE4-A723-2A060BBEB1F7}.Release|x64.Build.0 = Release|Any CPU
		{769975DC-1115-4AE4-A723-2A060BBEB1F7}.Release|x86.ActiveCfg = Release|Any CPU
		{769975DC-1115-4AE4-A723-2A060BBEB1F7}.Release|x86.Build.0 = Release|Any CPU
		{C1D8E0F2-BD9C-4BBE-8AFE-76669D7CE813}.Debug|Any CPU.ActiveCfg = Debug|Any CPU
		{C1D8E0F2-BD9C-4BBE-8AFE-76669D7CE813}.Debug|Any CPU.Build.0 = Debug|Any CPU
		{C1D8E0F2-BD9C-4BBE-8AFE-76669D7CE813}.Debug|x64.ActiveCfg = Debug|Any CPU
		{C1D8E0F2-BD9C-4BBE-8AFE-76669D7CE813}.Debug|x64.Build.0 = Debug|Any CPU
		{C1D8E0F2-BD9C-4BBE-8AFE-76669D7CE813}.Debug|x86.ActiveCfg = Debug|Any CPU
		{C1D8E0F2-BD9C-4BBE-8AFE-76669D7CE813}.Debug|x86.Build.0 = Debug|Any CPU
		{C1D8E0F2-BD9C-4BBE-8AFE-76669D7CE813}.Release|Any CPU.ActiveCfg = Release|Any CPU
		{C1D8E0F2-BD9C-4BBE-8AFE-76669D7CE813}.Release|Any CPU.Build.0 = Release|Any CPU
		{C1D8E0F2-BD9C-4BBE-8AFE-76669D7CE813}.Release|x64.ActiveCfg = Release|Any CPU
		{C1D8E0F2-BD9C-4BBE-8AFE-76669D7CE813}.Release|x64.Build.0 = Release|Any CPU
		{C1D8E0F2-BD9C-4BBE-8AFE-76669D7CE813}.Release|x86.ActiveCfg = Release|Any CPU
		{C1D8E0F2-BD9C-4BBE-8AFE-76669D7CE813}.Release|x86.Build.0 = Release|Any CPU
		{22AC09B6-2158-4586-BAC5-DCB01C7A0AB2}.Debug|Any CPU.ActiveCfg = Debug|Any CPU
		{22AC09B6-2158-4586-BAC5-DCB01C7A0AB2}.Debug|Any CPU.Build.0 = Debug|Any CPU
		{22AC09B6-2158-4586-BAC5-DCB01C7A0AB2}.Debug|x64.ActiveCfg = Debug|Any CPU
		{22AC09B6-2158-4586-BAC5-DCB01C7A0AB2}.Debug|x64.Build.0 = Debug|Any CPU
		{22AC09B6-2158-4586-BAC5-DCB01C7A0AB2}.Debug|x86.ActiveCfg = Debug|Any CPU
		{22AC09B6-2158-4586-BAC5-DCB01C7A0AB2}.Debug|x86.Build.0 = Debug|Any CPU
		{22AC09B6-2158-4586-BAC5-DCB01C7A0AB2}.Release|Any CPU.ActiveCfg = Release|Any CPU
		{22AC09B6-2158-4586-BAC5-DCB01C7A0AB2}.Release|Any CPU.Build.0 = Release|Any CPU
		{22AC09B6-2158-4586-BAC5-DCB01C7A0AB2}.Release|x64.ActiveCfg = Release|Any CPU
		{22AC09B6-2158-4586-BAC5-DCB01C7A0AB2}.Release|x64.Build.0 = Release|Any CPU
		{22AC09B6-2158-4586-BAC5-DCB01C7A0AB2}.Release|x86.ActiveCfg = Release|Any CPU
		{22AC09B6-2158-4586-BAC5-DCB01C7A0AB2}.Release|x86.Build.0 = Release|Any CPU
		{9E0D1168-B24B-4ADC-B210-7F62CE0FBE0A}.Debug|Any CPU.ActiveCfg = Debug|Any CPU
		{9E0D1168-B24B-4ADC-B210-7F62CE0FBE0A}.Debug|Any CPU.Build.0 = Debug|Any CPU
		{9E0D1168-B24B-4ADC-B210-7F62CE0FBE0A}.Debug|x64.ActiveCfg = Debug|Any CPU
		{9E0D1168-B24B-4ADC-B210-7F62CE0FBE0A}.Debug|x64.Build.0 = Debug|Any CPU
		{9E0D1168-B24B-4ADC-B210-7F62CE0FBE0A}.Debug|x86.ActiveCfg = Debug|Any CPU
		{9E0D1168-B24B-4ADC-B210-7F62CE0FBE0A}.Debug|x86.Build.0 = Debug|Any CPU
		{9E0D1168-B24B-4ADC-B210-7F62CE0FBE0A}.Release|Any CPU.ActiveCfg = Release|Any CPU
		{9E0D1168-B24B-4ADC-B210-7F62CE0FBE0A}.Release|Any CPU.Build.0 = Release|Any CPU
		{9E0D1168-B24B-4ADC-B210-7F62CE0FBE0A}.Release|x64.ActiveCfg = Release|Any CPU
		{9E0D1168-B24B-4ADC-B210-7F62CE0FBE0A}.Release|x64.Build.0 = Release|Any CPU
		{9E0D1168-B24B-4ADC-B210-7F62CE0FBE0A}.Release|x86.ActiveCfg = Release|Any CPU
		{9E0D1168-B24B-4ADC-B210-7F62CE0FBE0A}.Release|x86.Build.0 = Release|Any CPU
		{2055A07F-D437-4412-B046-B47F8035CCE7}.Debug|Any CPU.ActiveCfg = Debug|Any CPU
		{2055A07F-D437-4412-B046-B47F8035CCE7}.Debug|Any CPU.Build.0 = Debug|Any CPU
		{2055A07F-D437-4412-B046-B47F8035CCE7}.Debug|x64.ActiveCfg = Debug|Any CPU
		{2055A07F-D437-4412-B046-B47F8035CCE7}.Debug|x64.Build.0 = Debug|Any CPU
		{2055A07F-D437-4412-B046-B47F8035CCE7}.Debug|x86.ActiveCfg = Debug|Any CPU
		{2055A07F-D437-4412-B046-B47F8035CCE7}.Debug|x86.Build.0 = Debug|Any CPU
		{2055A07F-D437-4412-B046-B47F8035CCE7}.Release|Any CPU.ActiveCfg = Release|Any CPU
		{2055A07F-D437-4412-B046-B47F8035CCE7}.Release|Any CPU.Build.0 = Release|Any CPU
		{2055A07F-D437-4412-B046-B47F8035CCE7}.Release|x64.ActiveCfg = Release|Any CPU
		{2055A07F-D437-4412-B046-B47F8035CCE7}.Release|x64.Build.0 = Release|Any CPU
		{2055A07F-D437-4412-B046-B47F8035CCE7}.Release|x86.ActiveCfg = Release|Any CPU
		{2055A07F-D437-4412-B046-B47F8035CCE7}.Release|x86.Build.0 = Release|Any CPU
		{8CE8A8C5-9358-47C9-A0B8-467F9F2E5592}.Debug|Any CPU.ActiveCfg = Debug|Any CPU
		{8CE8A8C5-9358-47C9-A0B8-467F9F2E5592}.Debug|Any CPU.Build.0 = Debug|Any CPU
		{8CE8A8C5-9358-47C9-A0B8-467F9F2E5592}.Debug|x64.ActiveCfg = Debug|Any CPU
		{8CE8A8C5-9358-47C9-A0B8-467F9F2E5592}.Debug|x64.Build.0 = Debug|Any CPU
		{8CE8A8C5-9358-47C9-A0B8-467F9F2E5592}.Debug|x86.ActiveCfg = Debug|Any CPU
		{8CE8A8C5-9358-47C9-A0B8-467F9F2E5592}.Debug|x86.Build.0 = Debug|Any CPU
		{8CE8A8C5-9358-47C9-A0B8-467F9F2E5592}.Release|Any CPU.ActiveCfg = Release|Any CPU
		{8CE8A8C5-9358-47C9-A0B8-467F9F2E5592}.Release|Any CPU.Build.0 = Release|Any CPU
		{8CE8A8C5-9358-47C9-A0B8-467F9F2E5592}.Release|x64.ActiveCfg = Release|Any CPU
		{8CE8A8C5-9358-47C9-A0B8-467F9F2E5592}.Release|x64.Build.0 = Release|Any CPU
		{8CE8A8C5-9358-47C9-A0B8-467F9F2E5592}.Release|x86.ActiveCfg = Release|Any CPU
		{8CE8A8C5-9358-47C9-A0B8-467F9F2E5592}.Release|x86.Build.0 = Release|Any CPU
		{DF8F8942-2A6D-4DFC-AEF7-09E8B286E363}.Debug|Any CPU.ActiveCfg = Debug|Any CPU
		{DF8F8942-2A6D-4DFC-AEF7-09E8B286E363}.Debug|Any CPU.Build.0 = Debug|Any CPU
		{DF8F8942-2A6D-4DFC-AEF7-09E8B286E363}.Debug|x64.ActiveCfg = Debug|Any CPU
		{DF8F8942-2A6D-4DFC-AEF7-09E8B286E363}.Debug|x64.Build.0 = Debug|Any CPU
		{DF8F8942-2A6D-4DFC-AEF7-09E8B286E363}.Debug|x86.ActiveCfg = Debug|Any CPU
		{DF8F8942-2A6D-4DFC-AEF7-09E8B286E363}.Debug|x86.Build.0 = Debug|Any CPU
		{DF8F8942-2A6D-4DFC-AEF7-09E8B286E363}.Release|Any CPU.ActiveCfg = Release|Any CPU
		{DF8F8942-2A6D-4DFC-AEF7-09E8B286E363}.Release|Any CPU.Build.0 = Release|Any CPU
		{DF8F8942-2A6D-4DFC-AEF7-09E8B286E363}.Release|x64.ActiveCfg = Release|Any CPU
		{DF8F8942-2A6D-4DFC-AEF7-09E8B286E363}.Release|x64.Build.0 = Release|Any CPU
		{DF8F8942-2A6D-4DFC-AEF7-09E8B286E363}.Release|x86.ActiveCfg = Release|Any CPU
		{DF8F8942-2A6D-4DFC-AEF7-09E8B286E363}.Release|x86.Build.0 = Release|Any CPU
	EndGlobalSection
	GlobalSection(SolutionProperties) = preSolution
		HideSolutionNode = FALSE
	EndGlobalSection
	GlobalSection(NestedProjects) = preSolution
		{7CE893A9-10C1-49F4-B9BD-24A0BEE682EF} = {827E0CD3-B72D-47B6-A68D-7590B98EB39B}
		{769975DC-1115-4AE4-A723-2A060BBEB1F7} = {827E0CD3-B72D-47B6-A68D-7590B98EB39B}
		{C1D8E0F2-BD9C-4BBE-8AFE-76669D7CE813} = {827E0CD3-B72D-47B6-A68D-7590B98EB39B}
		{22AC09B6-2158-4586-BAC5-DCB01C7A0AB2} = {827E0CD3-B72D-47B6-A68D-7590B98EB39B}
		{9E0D1168-B24B-4ADC-B210-7F62CE0FBE0A} = {827E0CD3-B72D-47B6-A68D-7590B98EB39B}
		{2055A07F-D437-4412-B046-B47F8035CCE7} = {827E0CD3-B72D-47B6-A68D-7590B98EB39B}
		{8CE8A8C5-9358-47C9-A0B8-467F9F2E5592} = {827E0CD3-B72D-47B6-A68D-7590B98EB39B}
		{DF8F8942-2A6D-4DFC-AEF7-09E8B286E363} = {827E0CD3-B72D-47B6-A68D-7590B98EB39B}
	EndGlobalSection
	GlobalSection(ExtensibilityGlobals) = postSolution
		SolutionGuid = {AD8FE3A5-FCF3-4BE3-81AA-3D5794FE7D7D}
	EndGlobalSection
EndGlobal
